{
  "version": 4,
  "terraform_version": "0.14.6",
  "serial": 4,
  "lineage": "f199d63b-9e4f-5a1d-ae67-1cf834325d1d",
  "outputs": {
    "ip": {
      "value": "3.218.15.96",
      "type": "string"
    }
  },
  "resources": [
    {
      "mode": "managed",
      "type": "aws_lightsail_instance",
      "name": "lightsail_instance",
      "provider": "provider[\"registry.terraform.io/hashicorp/aws\"]",
      "instances": [
        {
          "schema_version": 0,
          "attributes": {
            "arn": "arn:aws:lightsail:us-east-1:294024953101:Instance/0c042405-b7a4-46c8-9c85-96ac4241516a",
            "availability_zone": "us-east-1a",
            "blueprint_id": "ubuntu_18_04",
            "bundle_id": "nano_2_0",
            "cpu_count": 1,
            "created_at": "2021-02-19T05:25:21Z",
            "id": "terraform-instance",
            "ipv6_address": "2600:1f18:23b6:8800:eeaa:ced6:6de3:35a9",
            "ipv6_addresses": [
              "2600:1f18:23b6:8800:eeaa:ced6:6de3:35a9"
            ],
            "is_static_ip": false,
            "key_pair_name": "LightsailDefaultKeyPair",
            "name": "terraform-instance",
            "private_ip_address": "172.26.15.163",
            "public_ip_address": "44.192.118.148",
            "ram_size": 0.5,
            "tags": null,
            "user_data": null,
            "username": "ubuntu"
          },
          "sensitive_attributes": [],
          "private": "bnVsbA=="
        }
      ]
    },
    {
      "mode": "managed",
      "type": "aws_lightsail_static_ip",
      "name": "static_ip",
      "provider": "provider[\"registry.terraform.io/hashicorp/aws\"]",
      "instances": [
        {
          "schema_version": 0,
          "attributes": {
            "arn": "arn:aws:lightsail:us-east-1:294024953101:StaticIp/318042cb-687d-49b3-84e2-8eaf6ff627f8",
            "id": "static_ip_name",
            "ip_address": "3.218.15.96",
            "name": "static_ip_name",
            "support_code": "688516611458/3.218.15.96"
          },
          "sensitive_attributes": [],
          "private": "bnVsbA=="
        }
      ]
    },
    {
      "mode": "managed",
      "type": "aws_lightsail_static_ip_attachment",
      "name": "static_ip_attach",
      "provider": "provider[\"registry.terraform.io/hashicorp/aws\"]",
      "instances": [
        {
          "schema_version": 0,
          "attributes": {
            "id": "static_ip_name",
            "instance_name": "terraform-instance",
            "ip_address": "3.218.15.96",
            "static_ip_name": "static_ip_name"
          },
          "sensitive_attributes": [],
          "private": "bnVsbA==",
          "dependencies": [
            "aws_lightsail_instance.lightsail_instance",
            "aws_lightsail_static_ip.static_ip"
          ]
        }
      ]
    }
  ]
}
